Microsoft Visual Studio Solution File, Format Version 9.00
# Visual Studio 2005
Project("{8BC9CEB8-8B4A-11D0-8D11-00A0C91BC942}") = "CBIRQEditor", "CBIRQEditor.vcproj", "{AFFE3FC9-B432-490C-9C40-649C3DE98098}"
	ProjectSection(ProjectDependencies) = postProject
		{1B034A8D-C094-4CBD-A19E-FCA8F9DD2372} = {1B034A8D-C094-4CBD-A19E-FCA8F9DD2372}
	EndProjectSection
EndProject
Project("{2150E333-8FDC-42A3-9474-1A3956D46DE8}") = "CxImage", "CxImage", "{D564844D-D209-4214-83B2-90878BAEDFA4}"
EndProject
Project("{8BC9CEB8-8B4A-11D0-8D11-00A0C91BC942}") = "CxImage", "..\cxImage\CxImage\cximage.vcproj", "{1B034A8D-C094-4CBD-A19E-FCA8F9DD2372}"
	ProjectSection(ProjectDependencies) = postProject
		{9003B14E-22B0-437C-ABE3-940CF6E4931E} = {9003B14E-22B0-437C-ABE3-940CF6E4931E}
		{D316497A-5753-4BC2-BFB9-24E097BF827F} = {D316497A-5753-4BC2-BFB9-24E097BF827F}
		{35B6A48A-AEB5-4712-8C45-C94C48B6C632} = {35B6A48A-AEB5-4712-8C45-C94C48B6C632}
		{0C55908F-76C7-4B90-96BF-A3BE320A3833} = {0C55908F-76C7-4B90-96BF-A3BE320A3833}
		{8C727693-18DB-4DE8-B443-C4D287F8C326} = {8C727693-18DB-4DE8-B443-C4D287F8C326}
		{F31F70AF-70D2-4377-B3D0-35B19E443290} = {F31F70AF-70D2-4377-B3D0-35B19E443290}
		{1A2486C4-31ED-414E-9164-7018B9314281} = {1A2486C4-31ED-414E-9164-7018B9314281}
	EndProjectSection
EndProject
Project("{8BC9CEB8-8B4A-11D0-8D11-00A0C91BC942}") = "j2k", "..\cxImage\j2k\j2k.vcproj", "{D316497A-5753-4BC2-BFB9-24E097BF827F}"
EndProject
Project("{8BC9CEB8-8B4A-11D0-8D11-00A0C91BC942}") = "jasper", "..\cxImage\jasper\jasper.vcproj", "{1A2486C4-31ED-414E-9164-7018B9314281}"
EndProject
Project("{8BC9CEB8-8B4A-11D0-8D11-00A0C91BC942}") = "jbig", "..\cxImage\jbig\jbig.vcproj", "{F31F70AF-70D2-4377-B3D0-35B19E443290}"
EndProject
Project("{8BC9CEB8-8B4A-11D0-8D11-00A0C91BC942}") = "jpeg", "..\cxImage\jpeg\Jpeg.vcproj", "{0C55908F-76C7-4B90-96BF-A3BE320A3833}"
EndProject
Project("{8BC9CEB8-8B4A-11D0-8D11-00A0C91BC942}") = "png", "..\cxImage\png\png.vcproj", "{35B6A48A-AEB5-4712-8C45-C94C48B6C632}"
EndProject
Project("{8BC9CEB8-8B4A-11D0-8D11-00A0C91BC942}") = "tiff", "..\cxImage\tiff\Tiff.vcproj", "{9003B14E-22B0-437C-ABE3-940CF6E4931E}"
EndProject
Project("{8BC9CEB8-8B4A-11D0-8D11-00A0C91BC942}") = "zlib", "..\cxImage\zlib\zlib.vcproj", "{8C727693-18DB-4DE8-B443-C4D287F8C326}"
EndProject
Project("{2150E333-8FDC-42A3-9474-1A3956D46DE8}") = "Modules", "Modules", "{C38C08F5-304B-48B1-82A5-6E0EB2164271}"
EndProject
Project("{8BC9CEB8-8B4A-11D0-8D11-00A0C91BC942}") = "Input_capture", "..\Input_capture\Input_capture.vcproj", "{A7319240-2460-4FC4-85CD-1E036046FD09}"
	ProjectSection(ProjectDependencies) = postProject
		{AFFE3FC9-B432-490C-9C40-649C3DE98098} = {AFFE3FC9-B432-490C-9C40-649C3DE98098}
	EndProjectSection
EndProject
Project("{8BC9CEB8-8B4A-11D0-8D11-00A0C91BC942}") = "filter_quester", "..\filter_quester\filter_quester.vcproj", "{18032BFD-573D-48D2-9E8B-43A29FF2D7A9}"
	ProjectSection(ProjectDependencies) = postProject
		{AFFE3FC9-B432-490C-9C40-649C3DE98098} = {AFFE3FC9-B432-490C-9C40-649C3DE98098}
	EndProjectSection
EndProject
Project("{8BC9CEB8-8B4A-11D0-8D11-00A0C91BC942}") = "Filter_viewer", "..\Filter_viewer\Filter_viewer.vcproj", "{2052383A-F32B-42DF-8FB5-E7170DB349F5}"
	ProjectSection(ProjectDependencies) = postProject
		{AFFE3FC9-B432-490C-9C40-649C3DE98098} = {AFFE3FC9-B432-490C-9C40-649C3DE98098}
	EndProjectSection
EndProject
Project("{8BC9CEB8-8B4A-11D0-8D11-00A0C91BC942}") = "filter_color", "..\filter_color\filter_color.vcproj", "{75709834-32C9-41FD-943D-F609BBD28E32}"
	ProjectSection(ProjectDependencies) = postProject
		{AFFE3FC9-B432-490C-9C40-649C3DE98098} = {AFFE3FC9-B432-490C-9C40-649C3DE98098}
	EndProjectSection
EndProject
Project("{8BC9CEB8-8B4A-11D0-8D11-00A0C91BC942}") = "filter_mask", "..\filter_mask\filter_mask.vcproj", "{F4A8C8E9-DBEB-41E9-8DB8-0915382327FE}"
	ProjectSection(ProjectDependencies) = postProject
		{AFFE3FC9-B432-490C-9C40-649C3DE98098} = {AFFE3FC9-B432-490C-9C40-649C3DE98098}
	EndProjectSection
EndProject
Project("{8BC9CEB8-8B4A-11D0-8D11-00A0C91BC942}") = "Filter_network", "..\Filter_network\Filter_network.vcproj", "{03024E09-80BF-4FA5-AAE7-4D1645B44D84}"
	ProjectSection(ProjectDependencies) = postProject
		{AFFE3FC9-B432-490C-9C40-649C3DE98098} = {AFFE3FC9-B432-490C-9C40-649C3DE98098}
	EndProjectSection
EndProject
Project("{8BC9CEB8-8B4A-11D0-8D11-00A0C91BC942}") = "filter_summator", "..\filter_summator\filter_summator.vcproj", "{B2728C2B-85A9-42BF-8806-23691A49A43E}"
	ProjectSection(ProjectDependencies) = postProject
		{AFFE3FC9-B432-490C-9C40-649C3DE98098} = {AFFE3FC9-B432-490C-9C40-649C3DE98098}
	EndProjectSection
EndProject
Project("{8BC9CEB8-8B4A-11D0-8D11-00A0C91BC942}") = "Inpiut_dirreader", "..\Inpiut_dirreader\Inpiut_dirreader.vcproj", "{C6605AED-1A0F-42A6-8B51-C558E5C8DBA3}"
	ProjectSection(ProjectDependencies) = postProject
		{AFFE3FC9-B432-490C-9C40-649C3DE98098} = {AFFE3FC9-B432-490C-9C40-649C3DE98098}
	EndProjectSection
EndProject
Project("{8BC9CEB8-8B4A-11D0-8D11-00A0C91BC942}") = "Input_image", "..\Input_image\Input_image.vcproj", "{F03D9B11-97B6-4E07-ABF6-CE76EA21C9AE}"
	ProjectSection(ProjectDependencies) = postProject
		{AFFE3FC9-B432-490C-9C40-649C3DE98098} = {AFFE3FC9-B432-490C-9C40-649C3DE98098}
	EndProjectSection
EndProject
Project("{8BC9CEB8-8B4A-11D0-8D11-00A0C91BC942}") = "Input_video", "..\Input_video\Input_video.vcproj", "{2A769430-86AD-4A4C-BF24-52B16E00A974}"
	ProjectSection(ProjectDependencies) = postProject
		{AFFE3FC9-B432-490C-9C40-649C3DE98098} = {AFFE3FC9-B432-490C-9C40-649C3DE98098}
	EndProjectSection
EndProject
Project("{8BC9CEB8-8B4A-11D0-8D11-00A0C91BC942}") = "Logic_sort", "..\Logic_sort\Logic_sort.vcproj", "{15240199-B02B-4257-A052-01BED316FD60}"
	ProjectSection(ProjectDependencies) = postProject
		{AFFE3FC9-B432-490C-9C40-649C3DE98098} = {AFFE3FC9-B432-490C-9C40-649C3DE98098}
	EndProjectSection
EndProject
Project("{8BC9CEB8-8B4A-11D0-8D11-00A0C91BC942}") = "Metric_histogram", "..\Metric_histogram\Metric_histogram.vcproj", "{C3B174C5-B9C0-4279-8447-A9B4DD8922FF}"
	ProjectSection(ProjectDependencies) = postProject
		{AFFE3FC9-B432-490C-9C40-649C3DE98098} = {AFFE3FC9-B432-490C-9C40-649C3DE98098}
	EndProjectSection
EndProject
Project("{8BC9CEB8-8B4A-11D0-8D11-00A0C91BC942}") = "metric_wavelet", "..\metric_wavelet\metric_wavelet.vcproj", "{47B56DFE-0489-43BC-B898-0CD17A20B9D2}"
	ProjectSection(ProjectDependencies) = postProject
		{AFFE3FC9-B432-490C-9C40-649C3DE98098} = {AFFE3FC9-B432-490C-9C40-649C3DE98098}
	EndProjectSection
EndProject
Project("{8BC9CEB8-8B4A-11D0-8D11-00A0C91BC942}") = "segment_baisic", "..\segment_baisic\segment_baisic.vcproj", "{B51D6220-C9F4-491C-8BEC-D6841B8303CC}"
	ProjectSection(ProjectDependencies) = postProject
		{AFFE3FC9-B432-490C-9C40-649C3DE98098} = {AFFE3FC9-B432-490C-9C40-649C3DE98098}
	EndProjectSection
EndProject
Project("{8BC9CEB8-8B4A-11D0-8D11-00A0C91BC942}") = "Control_ProcessConnector", "..\Control_ProcessConnector\Control_ProcessConnector.vcproj", "{054BE98D-5581-426C-A24A-04BE5F265EEA}"
	ProjectSection(ProjectDependencies) = postProject
		{AFFE3FC9-B432-490C-9C40-649C3DE98098} = {AFFE3FC9-B432-490C-9C40-649C3DE98098}
	EndProjectSection
EndProject
Global
	GlobalSection(SolutionConfigurationPlatforms) = preSolution
		Debug|Win32 = Debug|Win32
		Release|Win32 = Release|Win32
	EndGlobalSection
	GlobalSection(ProjectConfigurationPlatforms) = postSolution
		{AFFE3FC9-B432-490C-9C40-649C3DE98098}.Debug|Win32.ActiveCfg = Debug|Win32
		{AFFE3FC9-B432-490C-9C40-649C3DE98098}.Debug|Win32.Build.0 = Debug|Win32
		{AFFE3FC9-B432-490C-9C40-649C3DE98098}.Release|Win32.ActiveCfg = Release|Win32
		{AFFE3FC9-B432-490C-9C40-649C3DE98098}.Release|Win32.Build.0 = Release|Win32
		{1B034A8D-C094-4CBD-A19E-FCA8F9DD2372}.Debug|Win32.ActiveCfg = Debug|Win32
		{1B034A8D-C094-4CBD-A19E-FCA8F9DD2372}.Debug|Win32.Build.0 = Debug|Win32
		{1B034A8D-C094-4CBD-A19E-FCA8F9DD2372}.Release|Win32.ActiveCfg = Release|Win32
		{1B034A8D-C094-4CBD-A19E-FCA8F9DD2372}.Release|Win32.Build.0 = Release|Win32
		{D316497A-5753-4BC2-BFB9-24E097BF827F}.Debug|Win32.ActiveCfg = Debug|Win32
		{D316497A-5753-4BC2-BFB9-24E097BF827F}.Debug|Win32.Build.0 = Debug|Win32
		{D316497A-5753-4BC2-BFB9-24E097BF827F}.Release|Win32.ActiveCfg = Release|Win32
		{D316497A-5753-4BC2-BFB9-24E097BF827F}.Release|Win32.Build.0 = Release|Win32
		{1A2486C4-31ED-414E-9164-7018B9314281}.Debug|Win32.ActiveCfg = Debug|Win32
		{1A2486C4-31ED-414E-9164-7018B9314281}.Debug|Win32.Build.0 = Debug|Win32
		{1A2486C4-31ED-414E-9164-7018B9314281}.Release|Win32.ActiveCfg = Release|Win32
		{1A2486C4-31ED-414E-9164-7018B9314281}.Release|Win32.Build.0 = Release|Win32
		{F31F70AF-70D2-4377-B3D0-35B19E443290}.Debug|Win32.ActiveCfg = Debug|Win32
		{F31F70AF-70D2-4377-B3D0-35B19E443290}.Debug|Win32.Build.0 = Debug|Win32
		{F31F70AF-70D2-4377-B3D0-35B19E443290}.Release|Win32.ActiveCfg = Release|Win32
		{F31F70AF-70D2-4377-B3D0-35B19E443290}.Release|Win32.Build.0 = Release|Win32
		{0C55908F-76C7-4B90-96BF-A3BE320A3833}.Debug|Win32.ActiveCfg = Debug|Win32
		{0C55908F-76C7-4B90-96BF-A3BE320A3833}.Debug|Win32.Build.0 = Debug|Win32
		{0C55908F-76C7-4B90-96BF-A3BE320A3833}.Release|Win32.ActiveCfg = Release|Win32
		{0C55908F-76C7-4B90-96BF-A3BE320A3833}.Release|Win32.Build.0 = Release|Win32
		{35B6A48A-AEB5-4712-8C45-C94C48B6C632}.Debug|Win32.ActiveCfg = Debug|Win32
		{35B6A48A-AEB5-4712-8C45-C94C48B6C632}.Debug|Win32.Build.0 = Debug|Win32
		{35B6A48A-AEB5-4712-8C45-C94C48B6C632}.Release|Win32.ActiveCfg = Release|Win32
		{35B6A48A-AEB5-4712-8C45-C94C48B6C632}.Release|Win32.Build.0 = Release|Win32
		{9003B14E-22B0-437C-ABE3-940CF6E4931E}.Debug|Win32.ActiveCfg = Debug|Win32
		{9003B14E-22B0-437C-ABE3-940CF6E4931E}.Debug|Win32.Build.0 = Debug|Win32
		{9003B14E-22B0-437C-ABE3-940CF6E4931E}.Release|Win32.ActiveCfg = Release|Win32
		{9003B14E-22B0-437C-ABE3-940CF6E4931E}.Release|Win32.Build.0 = Release|Win32
		{8C727693-18DB-4DE8-B443-C4D287F8C326}.Debug|Win32.ActiveCfg = Debug|Win32
		{8C727693-18DB-4DE8-B443-C4D287F8C326}.Debug|Win32.Build.0 = Debug|Win32
		{8C727693-18DB-4DE8-B443-C4D287F8C326}.Release|Win32.ActiveCfg = Release|Win32
		{8C727693-18DB-4DE8-B443-C4D287F8C326}.Release|Win32.Build.0 = Release|Win32
		{A7319240-2460-4FC4-85CD-1E036046FD09}.Debug|Win32.ActiveCfg = Debug|Win32
		{A7319240-2460-4FC4-85CD-1E036046FD09}.Debug|Win32.Build.0 = Debug|Win32
		{A7319240-2460-4FC4-85CD-1E036046FD09}.Release|Win32.ActiveCfg = Release|Win32
		{A7319240-2460-4FC4-85CD-1E036046FD09}.Release|Win32.Build.0 = Release|Win32
		{18032BFD-573D-48D2-9E8B-43A29FF2D7A9}.Debug|Win32.ActiveCfg = Debug|Win32
		{18032BFD-573D-48D2-9E8B-43A29FF2D7A9}.Debug|Win32.Build.0 = Debug|Win32
		{18032BFD-573D-48D2-9E8B-43A29FF2D7A9}.Release|Win32.ActiveCfg = Release|Win32
		{18032BFD-573D-48D2-9E8B-43A29FF2D7A9}.Release|Win32.Build.0 = Release|Win32
		{2052383A-F32B-42DF-8FB5-E7170DB349F5}.Debug|Win32.ActiveCfg = Debug|Win32
		{2052383A-F32B-42DF-8FB5-E7170DB349F5}.Debug|Win32.Build.0 = Debug|Win32
		{2052383A-F32B-42DF-8FB5-E7170DB349F5}.Release|Win32.ActiveCfg = Release|Win32
		{2052383A-F32B-42DF-8FB5-E7170DB349F5}.Release|Win32.Build.0 = Release|Win32
		{75709834-32C9-41FD-943D-F609BBD28E32}.Debug|Win32.ActiveCfg = Debug|Win32
		{75709834-32C9-41FD-943D-F609BBD28E32}.Debug|Win32.Build.0 = Debug|Win32
		{75709834-32C9-41FD-943D-F609BBD28E32}.Release|Win32.ActiveCfg = Release|Win32
		{75709834-32C9-41FD-943D-F609BBD28E32}.Release|Win32.Build.0 = Release|Win32
		{F4A8C8E9-DBEB-41E9-8DB8-0915382327FE}.Debug|Win32.ActiveCfg = Debug|Win32
		{F4A8C8E9-DBEB-41E9-8DB8-0915382327FE}.Debug|Win32.Build.0 = Debug|Win32
		{F4A8C8E9-DBEB-41E9-8DB8-0915382327FE}.Release|Win32.ActiveCfg = Release|Win32
		{F4A8C8E9-DBEB-41E9-8DB8-0915382327FE}.Release|Win32.Build.0 = Release|Win32
		{03024E09-80BF-4FA5-AAE7-4D1645B44D84}.Debug|Win32.ActiveCfg = Debug|Win32
		{03024E09-80BF-4FA5-AAE7-4D1645B44D84}.Debug|Win32.Build.0 = Debug|Win32
		{03024E09-80BF-4FA5-AAE7-4D1645B44D84}.Release|Win32.ActiveCfg = Release|Win32
		{03024E09-80BF-4FA5-AAE7-4D1645B44D84}.Release|Win32.Build.0 = Release|Win32
		{B2728C2B-85A9-42BF-8806-23691A49A43E}.Debug|Win32.ActiveCfg = Debug|Win32
		{B2728C2B-85A9-42BF-8806-23691A49A43E}.Debug|Win32.Build.0 = Debug|Win32
		{B2728C2B-85A9-42BF-8806-23691A49A43E}.Release|Win32.ActiveCfg = Release|Win32
		{B2728C2B-85A9-42BF-8806-23691A49A43E}.Release|Win32.Build.0 = Release|Win32
		{C6605AED-1A0F-42A6-8B51-C558E5C8DBA3}.Debug|Win32.ActiveCfg = Debug|Win32
		{C6605AED-1A0F-42A6-8B51-C558E5C8DBA3}.Debug|Win32.Build.0 = Debug|Win32
		{C6605AED-1A0F-42A6-8B51-C558E5C8DBA3}.Release|Win32.ActiveCfg = Release|Win32
		{C6605AED-1A0F-42A6-8B51-C558E5C8DBA3}.Release|Win32.Build.0 = Release|Win32
		{F03D9B11-97B6-4E07-ABF6-CE76EA21C9AE}.Debug|Win32.ActiveCfg = Debug|Win32
		{F03D9B11-97B6-4E07-ABF6-CE76EA21C9AE}.Debug|Win32.Build.0 = Debug|Win32
		{F03D9B11-97B6-4E07-ABF6-CE76EA21C9AE}.Release|Win32.ActiveCfg = Release|Win32
		{F03D9B11-97B6-4E07-ABF6-CE76EA21C9AE}.Release|Win32.Build.0 = Release|Win32
		{2A769430-86AD-4A4C-BF24-52B16E00A974}.Debug|Win32.ActiveCfg = Debug|Win32
		{2A769430-86AD-4A4C-BF24-52B16E00A974}.Debug|Win32.Build.0 = Debug|Win32
		{2A769430-86AD-4A4C-BF24-52B16E00A974}.Release|Win32.ActiveCfg = Release|Win32
		{2A769430-86AD-4A4C-BF24-52B16E00A974}.Release|Win32.Build.0 = Release|Win32
		{15240199-B02B-4257-A052-01BED316FD60}.Debug|Win32.ActiveCfg = Debug|Win32
		{15240199-B02B-4257-A052-01BED316FD60}.Debug|Win32.Build.0 = Debug|Win32
		{15240199-B02B-4257-A052-01BED316FD60}.Release|Win32.ActiveCfg = Release|Win32
		{15240199-B02B-4257-A052-01BED316FD60}.Release|Win32.Build.0 = Release|Win32
		{C3B174C5-B9C0-4279-8447-A9B4DD8922FF}.Debug|Win32.ActiveCfg = Debug|Win32
		{C3B174C5-B9C0-4279-8447-A9B4DD8922FF}.Debug|Win32.Build.0 = Debug|Win32
		{C3B174C5-B9C0-4279-8447-A9B4DD8922FF}.Release|Win32.ActiveCfg = Release|Win32
		{C3B174C5-B9C0-4279-8447-A9B4DD8922FF}.Release|Win32.Build.0 = Release|Win32
		{47B56DFE-0489-43BC-B898-0CD17A20B9D2}.Debug|Win32.ActiveCfg = Debug|Win32
		{47B56DFE-0489-43BC-B898-0CD17A20B9D2}.Debug|Win32.Build.0 = Debug|Win32
		{47B56DFE-0489-43BC-B898-0CD17A20B9D2}.Release|Win32.ActiveCfg = Release|Win32
		{47B56DFE-0489-43BC-B898-0CD17A20B9D2}.Release|Win32.Build.0 = Release|Win32
		{B51D6220-C9F4-491C-8BEC-D6841B8303CC}.Debug|Win32.ActiveCfg = Debug|Win32
		{B51D6220-C9F4-491C-8BEC-D6841B8303CC}.Debug|Win32.Build.0 = Debug|Win32
		{B51D6220-C9F4-491C-8BEC-D6841B8303CC}.Release|Win32.ActiveCfg = Release|Win32
		{B51D6220-C9F4-491C-8BEC-D6841B8303CC}.Release|Win32.Build.0 = Release|Win32
		{054BE98D-5581-426C-A24A-04BE5F265EEA}.Debug|Win32.ActiveCfg = Debug|Win32
		{054BE98D-5581-426C-A24A-04BE5F265EEA}.Debug|Win32.Build.0 = Debug|Win32
		{054BE98D-5581-426C-A24A-04BE5F265EEA}.Release|Win32.ActiveCfg = Release|Win32
		{054BE98D-5581-426C-A24A-04BE5F265EEA}.Release|Win32.Build.0 = Release|Win32
	EndGlobalSection
	GlobalSection(SolutionProperties) = preSolution
		HideSolutionNode = FALSE
	EndGlobalSection
	GlobalSection(NestedProjects) = preSolution
		{1B034A8D-C094-4CBD-A19E-FCA8F9DD2372} = {D564844D-D209-4214-83B2-90878BAEDFA4}
		{D316497A-5753-4BC2-BFB9-24E097BF827F} = {D564844D-D209-4214-83B2-90878BAEDFA4}
		{1A2486C4-31ED-414E-9164-7018B9314281} = {D564844D-D209-4214-83B2-90878BAEDFA4}
		{F31F70AF-70D2-4377-B3D0-35B19E443290} = {D564844D-D209-4214-83B2-90878BAEDFA4}
		{0C55908F-76C7-4B90-96BF-A3BE320A3833} = {D564844D-D209-4214-83B2-90878BAEDFA4}
		{35B6A48A-AEB5-4712-8C45-C94C48B6C632} = {D564844D-D209-4214-83B2-90878BAEDFA4}
		{9003B14E-22B0-437C-ABE3-940CF6E4931E} = {D564844D-D209-4214-83B2-90878BAEDFA4}
		{8C727693-18DB-4DE8-B443-C4D287F8C326} = {D564844D-D209-4214-83B2-90878BAEDFA4}
		{A7319240-2460-4FC4-85CD-1E036046FD09} = {C38C08F5-304B-48B1-82A5-6E0EB2164271}
		{18032BFD-573D-48D2-9E8B-43A29FF2D7A9} = {C38C08F5-304B-48B1-82A5-6E0EB2164271}
		{2052383A-F32B-42DF-8FB5-E7170DB349F5} = {C38C08F5-304B-48B1-82A5-6E0EB2164271}
		{75709834-32C9-41FD-943D-F609BBD28E32} = {C38C08F5-304B-48B1-82A5-6E0EB2164271}
		{F4A8C8E9-DBEB-41E9-8DB8-0915382327FE} = {C38C08F5-304B-48B1-82A5-6E0EB2164271}
		{03024E09-80BF-4FA5-AAE7-4D1645B44D84} = {C38C08F5-304B-48B1-82A5-6E0EB2164271}
		{B2728C2B-85A9-42BF-8806-23691A49A43E} = {C38C08F5-304B-48B1-82A5-6E0EB2164271}
		{C6605AED-1A0F-42A6-8B51-C558E5C8DBA3} = {C38C08F5-304B-48B1-82A5-6E0EB2164271}
		{F03D9B11-97B6-4E07-ABF6-CE76EA21C9AE} = {C38C08F5-304B-48B1-82A5-6E0EB2164271}
		{2A769430-86AD-4A4C-BF24-52B16E00A974} = {C38C08F5-304B-48B1-82A5-6E0EB2164271}
		{15240199-B02B-4257-A052-01BED316FD60} = {C38C08F5-304B-48B1-82A5-6E0EB2164271}
		{C3B174C5-B9C0-4279-8447-A9B4DD8922FF} = {C38C08F5-304B-48B1-82A5-6E0EB2164271}
		{47B56DFE-0489-43BC-B898-0CD17A20B9D2} = {C38C08F5-304B-48B1-82A5-6E0EB2164271}
		{B51D6220-C9F4-491C-8BEC-D6841B8303CC} = {C38C08F5-304B-48B1-82A5-6E0EB2164271}
		{054BE98D-5581-426C-A24A-04BE5F265EEA} = {C38C08F5-304B-48B1-82A5-6E0EB2164271}
	EndGlobalSection
EndGlobal
