
Microsoft Visual Studio Solution File, Format Version 10.00
# Visual Studio 2008
Project("{2150E333-8FDC-42A3-9474-1A3956D46DE8}") = "Modules", "Modules", "{1CF45C7B-6FD5-416F-87F0-9E1E58C0A4FE}"
EndProject
Project("{8BC9CEB8-8B4A-11D0-8D11-00A0C91BC942}") = "Core", "Core\Core.vcproj", "{19C524BC-D8E3-4012-B2D4-62731F68DC60}"
EndProject
Project("{8BC9CEB8-8B4A-11D0-8D11-00A0C91BC942}") = "Input_image", "..\Input_image\Input_image.vcproj", "{F03D9B11-97B6-4E07-ABF6-CE76EA21C9AE}"
	ProjectSection(ProjectDependencies) = postProject
		{19C524BC-D8E3-4012-B2D4-62731F68DC60} = {19C524BC-D8E3-4012-B2D4-62731F68DC60}
	EndProjectSection
EndProject
Project("{8BC9CEB8-8B4A-11D0-8D11-00A0C91BC942}") = "Filter_viewer", "..\Filter_viewer\Filter_viewer.vcproj", "{2052383A-F32B-42DF-8FB5-E7170DB349F5}"
	ProjectSection(ProjectDependencies) = postProject
		{19C524BC-D8E3-4012-B2D4-62731F68DC60} = {19C524BC-D8E3-4012-B2D4-62731F68DC60}
	EndProjectSection
EndProject
Project("{8BC9CEB8-8B4A-11D0-8D11-00A0C91BC942}") = "CBIRQEditor", "..\CBIRQEditor\CBIRQEditor.vcproj", "{AFFE3FC9-B432-490C-9C40-649C3DE98098}"
	ProjectSection(ProjectDependencies) = postProject
		{19C524BC-D8E3-4012-B2D4-62731F68DC60} = {19C524BC-D8E3-4012-B2D4-62731F68DC60}
	EndProjectSection
EndProject
Project("{8BC9CEB8-8B4A-11D0-8D11-00A0C91BC942}") = "Input_capture", "..\Input_capture\Input_capture.vcproj", "{A7319240-2460-4FC4-85CD-1E036046FD09}"
	ProjectSection(ProjectDependencies) = postProject
		{19C524BC-D8E3-4012-B2D4-62731F68DC60} = {19C524BC-D8E3-4012-B2D4-62731F68DC60}
	EndProjectSection
EndProject
Project("{8BC9CEB8-8B4A-11D0-8D11-00A0C91BC942}") = "filter_quester", "..\filter_quester\filter_quester.vcproj", "{18032BFD-573D-48D2-9E8B-43A29FF2D7A9}"
	ProjectSection(ProjectDependencies) = postProject
		{19C524BC-D8E3-4012-B2D4-62731F68DC60} = {19C524BC-D8E3-4012-B2D4-62731F68DC60}
	EndProjectSection
EndProject
Project("{8BC9CEB8-8B4A-11D0-8D11-00A0C91BC942}") = "filter_mask", "..\filter_mask\filter_mask.vcproj", "{F4A8C8E9-DBEB-41E9-8DB8-0915382327FE}"
	ProjectSection(ProjectDependencies) = postProject
		{19C524BC-D8E3-4012-B2D4-62731F68DC60} = {19C524BC-D8E3-4012-B2D4-62731F68DC60}
	EndProjectSection
EndProject
Project("{8BC9CEB8-8B4A-11D0-8D11-00A0C91BC942}") = "segment_baisic", "..\segment_baisic\segment_baisic.vcproj", "{B51D6220-C9F4-491C-8BEC-D6841B8303CC}"
	ProjectSection(ProjectDependencies) = postProject
		{19C524BC-D8E3-4012-B2D4-62731F68DC60} = {19C524BC-D8E3-4012-B2D4-62731F68DC60}
	EndProjectSection
EndProject
Project("{8BC9CEB8-8B4A-11D0-8D11-00A0C91BC942}") = "filter_color", "..\filter_color\filter_color.vcproj", "{75709834-32C9-41FD-943D-F609BBD28E32}"
	ProjectSection(ProjectDependencies) = postProject
		{19C524BC-D8E3-4012-B2D4-62731F68DC60} = {19C524BC-D8E3-4012-B2D4-62731F68DC60}
	EndProjectSection
EndProject
Project("{8BC9CEB8-8B4A-11D0-8D11-00A0C91BC942}") = "Filter_network", "..\Filter_network\Filter_network.vcproj", "{03024E09-80BF-4FA5-AAE7-4D1645B44D84}"
	ProjectSection(ProjectDependencies) = postProject
		{19C524BC-D8E3-4012-B2D4-62731F68DC60} = {19C524BC-D8E3-4012-B2D4-62731F68DC60}
	EndProjectSection
EndProject
Project("{8BC9CEB8-8B4A-11D0-8D11-00A0C91BC942}") = "Inpiut_dirreader", "..\Inpiut_dirreader\Inpiut_dirreader.vcproj", "{C6605AED-1A0F-42A6-8B51-C558E5C8DBA3}"
	ProjectSection(ProjectDependencies) = postProject
		{19C524BC-D8E3-4012-B2D4-62731F68DC60} = {19C524BC-D8E3-4012-B2D4-62731F68DC60}
	EndProjectSection
EndProject
Project("{8BC9CEB8-8B4A-11D0-8D11-00A0C91BC942}") = "Input_VideoReader", "..\Input_VideoReader\Input_VideoReader.vcproj", "{7EF3A6FA-5E83-47EA-824D-9442374C3176}"
	ProjectSection(ProjectDependencies) = postProject
		{19C524BC-D8E3-4012-B2D4-62731F68DC60} = {19C524BC-D8E3-4012-B2D4-62731F68DC60}
	EndProjectSection
EndProject
Project("{8BC9CEB8-8B4A-11D0-8D11-00A0C91BC942}") = "Input_Audio", "..\Input_Audio\Input_Audio.vcproj", "{0C6DC9CD-0D63-44AC-94B1-802F36851F7C}"
	ProjectSection(ProjectDependencies) = postProject
		{19C524BC-D8E3-4012-B2D4-62731F68DC60} = {19C524BC-D8E3-4012-B2D4-62731F68DC60}
	EndProjectSection
EndProject
Project("{8BC9CEB8-8B4A-11D0-8D11-00A0C91BC942}") = "filter_comlex_mi", "..\filter_comlex_mi\filter_comlex_mi.vcproj", "{74AED8EF-D0FA-4C7F-AB81-03D3010F5FA7}"
	ProjectSection(ProjectDependencies) = postProject
		{19C524BC-D8E3-4012-B2D4-62731F68DC60} = {19C524BC-D8E3-4012-B2D4-62731F68DC60}
	EndProjectSection
EndProject
Project("{8BC9CEB8-8B4A-11D0-8D11-00A0C91BC942}") = "Control_ProcessConnector", "..\Control_ProcessConnector\Control_ProcessConnector.vcproj", "{054BE98D-5581-426C-A24A-04BE5F265EEA}"
	ProjectSection(ProjectDependencies) = postProject
		{19C524BC-D8E3-4012-B2D4-62731F68DC60} = {19C524BC-D8E3-4012-B2D4-62731F68DC60}
		{AFFE3FC9-B432-490C-9C40-649C3DE98098} = {AFFE3FC9-B432-490C-9C40-649C3DE98098}
	EndProjectSection
EndProject
Project("{8BC9CEB8-8B4A-11D0-8D11-00A0C91BC942}") = "Input_us", "..\Input_us\Input_us.vcproj", "{571D8D73-FE0B-4CFF-ADC2-7D0DA88752F8}"
	ProjectSection(ProjectDependencies) = postProject
		{19C524BC-D8E3-4012-B2D4-62731F68DC60} = {19C524BC-D8E3-4012-B2D4-62731F68DC60}
	EndProjectSection
EndProject
Project("{8BC9CEB8-8B4A-11D0-8D11-00A0C91BC942}") = "input_screen", "..\input_screen\input_screen.vcproj", "{FB391059-CD80-422B-BE69-F9115307CA0C}"
	ProjectSection(ProjectDependencies) = postProject
		{19C524BC-D8E3-4012-B2D4-62731F68DC60} = {19C524BC-D8E3-4012-B2D4-62731F68DC60}
	EndProjectSection
EndProject
Project("{8BC9CEB8-8B4A-11D0-8D11-00A0C91BC942}") = "filter_resize", "..\filter_resize\filter_resize.vcproj", "{B495B949-FD7F-4507-B07D-BB3FD9683402}"
	ProjectSection(ProjectDependencies) = postProject
		{19C524BC-D8E3-4012-B2D4-62731F68DC60} = {19C524BC-D8E3-4012-B2D4-62731F68DC60}
	EndProjectSection
EndProject
Project("{8BC9CEB8-8B4A-11D0-8D11-00A0C91BC942}") = "index_wavelet", "..\index_wavelet\index_wavelet.vcproj", "{77CE3979-8422-44C8-A3D1-70C88759C6C2}"
	ProjectSection(ProjectDependencies) = postProject
		{19C524BC-D8E3-4012-B2D4-62731F68DC60} = {19C524BC-D8E3-4012-B2D4-62731F68DC60}
	EndProjectSection
EndProject
Project("{8BC9CEB8-8B4A-11D0-8D11-00A0C91BC942}") = "filter_panorama", "..\filter_panorama\filter_panorama.vcproj", "{7D07AD70-197D-467B-BE0C-227DEC53F7B4}"
EndProject
Project("{8BC9CEB8-8B4A-11D0-8D11-00A0C91BC942}") = "system_sensor", "..\system_sensor\system_sensor.vcproj", "{0FD0432D-6005-4B59-BA25-A0AB37BD14C1}"
EndProject
Project("{8BC9CEB8-8B4A-11D0-8D11-00A0C91BC942}") = "Console", "..\Console\Console.vcproj", "{93D8DCBD-90E4-4BE2-93E0-BF6AEC6309C2}"
EndProject
Global
	GlobalSection(SolutionConfigurationPlatforms) = preSolution
		Debug|Win32 = Debug|Win32
		Release|Win32 = Release|Win32
	EndGlobalSection
	GlobalSection(ProjectConfigurationPlatforms) = postSolution
		{19C524BC-D8E3-4012-B2D4-62731F68DC60}.Debug|Win32.ActiveCfg = Debug|Win32
		{19C524BC-D8E3-4012-B2D4-62731F68DC60}.Debug|Win32.Build.0 = Debug|Win32
		{19C524BC-D8E3-4012-B2D4-62731F68DC60}.Release|Win32.ActiveCfg = Release|Win32
		{19C524BC-D8E3-4012-B2D4-62731F68DC60}.Release|Win32.Build.0 = Release|Win32
		{F03D9B11-97B6-4E07-ABF6-CE76EA21C9AE}.Debug|Win32.ActiveCfg = Debug|Win32
		{F03D9B11-97B6-4E07-ABF6-CE76EA21C9AE}.Debug|Win32.Build.0 = Debug|Win32
		{F03D9B11-97B6-4E07-ABF6-CE76EA21C9AE}.Release|Win32.ActiveCfg = Release|Win32
		{F03D9B11-97B6-4E07-ABF6-CE76EA21C9AE}.Release|Win32.Build.0 = Release|Win32
		{2052383A-F32B-42DF-8FB5-E7170DB349F5}.Debug|Win32.ActiveCfg = Debug|Win32
		{2052383A-F32B-42DF-8FB5-E7170DB349F5}.Debug|Win32.Build.0 = Debug|Win32
		{2052383A-F32B-42DF-8FB5-E7170DB349F5}.Release|Win32.ActiveCfg = Release|Win32
		{2052383A-F32B-42DF-8FB5-E7170DB349F5}.Release|Win32.Build.0 = Release|Win32
		{AFFE3FC9-B432-490C-9C40-649C3DE98098}.Debug|Win32.ActiveCfg = Debug|Win32
		{AFFE3FC9-B432-490C-9C40-649C3DE98098}.Debug|Win32.Build.0 = Debug|Win32
		{AFFE3FC9-B432-490C-9C40-649C3DE98098}.Release|Win32.ActiveCfg = Release|Win32
		{AFFE3FC9-B432-490C-9C40-649C3DE98098}.Release|Win32.Build.0 = Release|Win32
		{A7319240-2460-4FC4-85CD-1E036046FD09}.Debug|Win32.ActiveCfg = Debug|Win32
		{A7319240-2460-4FC4-85CD-1E036046FD09}.Debug|Win32.Build.0 = Debug|Win32
		{A7319240-2460-4FC4-85CD-1E036046FD09}.Release|Win32.ActiveCfg = Release|Win32
		{A7319240-2460-4FC4-85CD-1E036046FD09}.Release|Win32.Build.0 = Release|Win32
		{18032BFD-573D-48D2-9E8B-43A29FF2D7A9}.Debug|Win32.ActiveCfg = Debug|Win32
		{18032BFD-573D-48D2-9E8B-43A29FF2D7A9}.Debug|Win32.Build.0 = Debug|Win32
		{18032BFD-573D-48D2-9E8B-43A29FF2D7A9}.Release|Win32.ActiveCfg = Release|Win32
		{18032BFD-573D-48D2-9E8B-43A29FF2D7A9}.Release|Win32.Build.0 = Release|Win32
		{F4A8C8E9-DBEB-41E9-8DB8-0915382327FE}.Debug|Win32.ActiveCfg = Debug|Win32
		{F4A8C8E9-DBEB-41E9-8DB8-0915382327FE}.Debug|Win32.Build.0 = Debug|Win32
		{F4A8C8E9-DBEB-41E9-8DB8-0915382327FE}.Release|Win32.ActiveCfg = Release|Win32
		{F4A8C8E9-DBEB-41E9-8DB8-0915382327FE}.Release|Win32.Build.0 = Release|Win32
		{B51D6220-C9F4-491C-8BEC-D6841B8303CC}.Debug|Win32.ActiveCfg = Debug|Win32
		{B51D6220-C9F4-491C-8BEC-D6841B8303CC}.Debug|Win32.Build.0 = Debug|Win32
		{B51D6220-C9F4-491C-8BEC-D6841B8303CC}.Release|Win32.ActiveCfg = Release|Win32
		{B51D6220-C9F4-491C-8BEC-D6841B8303CC}.Release|Win32.Build.0 = Release|Win32
		{75709834-32C9-41FD-943D-F609BBD28E32}.Debug|Win32.ActiveCfg = Debug|Win32
		{75709834-32C9-41FD-943D-F609BBD28E32}.Debug|Win32.Build.0 = Debug|Win32
		{75709834-32C9-41FD-943D-F609BBD28E32}.Release|Win32.ActiveCfg = Release|Win32
		{75709834-32C9-41FD-943D-F609BBD28E32}.Release|Win32.Build.0 = Release|Win32
		{03024E09-80BF-4FA5-AAE7-4D1645B44D84}.Debug|Win32.ActiveCfg = Debug|Win32
		{03024E09-80BF-4FA5-AAE7-4D1645B44D84}.Debug|Win32.Build.0 = Debug|Win32
		{03024E09-80BF-4FA5-AAE7-4D1645B44D84}.Release|Win32.ActiveCfg = Release|Win32
		{03024E09-80BF-4FA5-AAE7-4D1645B44D84}.Release|Win32.Build.0 = Release|Win32
		{C6605AED-1A0F-42A6-8B51-C558E5C8DBA3}.Debug|Win32.ActiveCfg = Debug|Win32
		{C6605AED-1A0F-42A6-8B51-C558E5C8DBA3}.Debug|Win32.Build.0 = Debug|Win32
		{C6605AED-1A0F-42A6-8B51-C558E5C8DBA3}.Release|Win32.ActiveCfg = Release|Win32
		{C6605AED-1A0F-42A6-8B51-C558E5C8DBA3}.Release|Win32.Build.0 = Release|Win32
		{7EF3A6FA-5E83-47EA-824D-9442374C3176}.Debug|Win32.ActiveCfg = Debug|Win32
		{7EF3A6FA-5E83-47EA-824D-9442374C3176}.Debug|Win32.Build.0 = Debug|Win32
		{7EF3A6FA-5E83-47EA-824D-9442374C3176}.Release|Win32.ActiveCfg = Release|Win32
		{7EF3A6FA-5E83-47EA-824D-9442374C3176}.Release|Win32.Build.0 = Release|Win32
		{0C6DC9CD-0D63-44AC-94B1-802F36851F7C}.Debug|Win32.ActiveCfg = Debug|Win32
		{0C6DC9CD-0D63-44AC-94B1-802F36851F7C}.Debug|Win32.Build.0 = Debug|Win32
		{0C6DC9CD-0D63-44AC-94B1-802F36851F7C}.Release|Win32.ActiveCfg = Release|Win32
		{0C6DC9CD-0D63-44AC-94B1-802F36851F7C}.Release|Win32.Build.0 = Release|Win32
		{74AED8EF-D0FA-4C7F-AB81-03D3010F5FA7}.Debug|Win32.ActiveCfg = Debug|Win32
		{74AED8EF-D0FA-4C7F-AB81-03D3010F5FA7}.Debug|Win32.Build.0 = Debug|Win32
		{74AED8EF-D0FA-4C7F-AB81-03D3010F5FA7}.Release|Win32.ActiveCfg = Release|Win32
		{74AED8EF-D0FA-4C7F-AB81-03D3010F5FA7}.Release|Win32.Build.0 = Release|Win32
		{054BE98D-5581-426C-A24A-04BE5F265EEA}.Debug|Win32.ActiveCfg = Debug|Win32
		{054BE98D-5581-426C-A24A-04BE5F265EEA}.Debug|Win32.Build.0 = Debug|Win32
		{054BE98D-5581-426C-A24A-04BE5F265EEA}.Release|Win32.ActiveCfg = Release|Win32
		{054BE98D-5581-426C-A24A-04BE5F265EEA}.Release|Win32.Build.0 = Release|Win32
		{571D8D73-FE0B-4CFF-ADC2-7D0DA88752F8}.Debug|Win32.ActiveCfg = Debug|Win32
		{571D8D73-FE0B-4CFF-ADC2-7D0DA88752F8}.Debug|Win32.Build.0 = Debug|Win32
		{571D8D73-FE0B-4CFF-ADC2-7D0DA88752F8}.Release|Win32.ActiveCfg = Release|Win32
		{571D8D73-FE0B-4CFF-ADC2-7D0DA88752F8}.Release|Win32.Build.0 = Release|Win32
		{FB391059-CD80-422B-BE69-F9115307CA0C}.Debug|Win32.ActiveCfg = Debug|Win32
		{FB391059-CD80-422B-BE69-F9115307CA0C}.Debug|Win32.Build.0 = Debug|Win32
		{FB391059-CD80-422B-BE69-F9115307CA0C}.Release|Win32.ActiveCfg = Release|Win32
		{FB391059-CD80-422B-BE69-F9115307CA0C}.Release|Win32.Build.0 = Release|Win32
		{B495B949-FD7F-4507-B07D-BB3FD9683402}.Debug|Win32.ActiveCfg = Debug|Win32
		{B495B949-FD7F-4507-B07D-BB3FD9683402}.Debug|Win32.Build.0 = Debug|Win32
		{B495B949-FD7F-4507-B07D-BB3FD9683402}.Release|Win32.ActiveCfg = Release|Win32
		{B495B949-FD7F-4507-B07D-BB3FD9683402}.Release|Win32.Build.0 = Release|Win32
		{77CE3979-8422-44C8-A3D1-70C88759C6C2}.Debug|Win32.ActiveCfg = Debug|Win32
		{77CE3979-8422-44C8-A3D1-70C88759C6C2}.Debug|Win32.Build.0 = Debug|Win32
		{77CE3979-8422-44C8-A3D1-70C88759C6C2}.Release|Win32.ActiveCfg = Release|Win32
		{77CE3979-8422-44C8-A3D1-70C88759C6C2}.Release|Win32.Build.0 = Release|Win32
		{7D07AD70-197D-467B-BE0C-227DEC53F7B4}.Debug|Win32.ActiveCfg = Debug|Win32
		{7D07AD70-197D-467B-BE0C-227DEC53F7B4}.Debug|Win32.Build.0 = Debug|Win32
		{7D07AD70-197D-467B-BE0C-227DEC53F7B4}.Release|Win32.ActiveCfg = Release|Win32
		{7D07AD70-197D-467B-BE0C-227DEC53F7B4}.Release|Win32.Build.0 = Release|Win32
		{0FD0432D-6005-4B59-BA25-A0AB37BD14C1}.Debug|Win32.ActiveCfg = Debug|Win32
		{0FD0432D-6005-4B59-BA25-A0AB37BD14C1}.Debug|Win32.Build.0 = Debug|Win32
		{0FD0432D-6005-4B59-BA25-A0AB37BD14C1}.Release|Win32.ActiveCfg = Release|Win32
		{0FD0432D-6005-4B59-BA25-A0AB37BD14C1}.Release|Win32.Build.0 = Release|Win32
		{93D8DCBD-90E4-4BE2-93E0-BF6AEC6309C2}.Debug|Win32.ActiveCfg = Debug|Win32
		{93D8DCBD-90E4-4BE2-93E0-BF6AEC6309C2}.Debug|Win32.Build.0 = Debug|Win32
		{93D8DCBD-90E4-4BE2-93E0-BF6AEC6309C2}.Release|Win32.ActiveCfg = Release|Win32
		{93D8DCBD-90E4-4BE2-93E0-BF6AEC6309C2}.Release|Win32.Build.0 = Release|Win32
	EndGlobalSection
	GlobalSection(SolutionProperties) = preSolution
		HideSolutionNode = FALSE
	EndGlobalSection
	GlobalSection(NestedProjects) = preSolution
		{F03D9B11-97B6-4E07-ABF6-CE76EA21C9AE} = {1CF45C7B-6FD5-416F-87F0-9E1E58C0A4FE}
		{2052383A-F32B-42DF-8FB5-E7170DB349F5} = {1CF45C7B-6FD5-416F-87F0-9E1E58C0A4FE}
		{A7319240-2460-4FC4-85CD-1E036046FD09} = {1CF45C7B-6FD5-416F-87F0-9E1E58C0A4FE}
		{18032BFD-573D-48D2-9E8B-43A29FF2D7A9} = {1CF45C7B-6FD5-416F-87F0-9E1E58C0A4FE}
		{F4A8C8E9-DBEB-41E9-8DB8-0915382327FE} = {1CF45C7B-6FD5-416F-87F0-9E1E58C0A4FE}
		{B51D6220-C9F4-491C-8BEC-D6841B8303CC} = {1CF45C7B-6FD5-416F-87F0-9E1E58C0A4FE}
		{75709834-32C9-41FD-943D-F609BBD28E32} = {1CF45C7B-6FD5-416F-87F0-9E1E58C0A4FE}
		{03024E09-80BF-4FA5-AAE7-4D1645B44D84} = {1CF45C7B-6FD5-416F-87F0-9E1E58C0A4FE}
		{C6605AED-1A0F-42A6-8B51-C558E5C8DBA3} = {1CF45C7B-6FD5-416F-87F0-9E1E58C0A4FE}
		{7EF3A6FA-5E83-47EA-824D-9442374C3176} = {1CF45C7B-6FD5-416F-87F0-9E1E58C0A4FE}
		{0C6DC9CD-0D63-44AC-94B1-802F36851F7C} = {1CF45C7B-6FD5-416F-87F0-9E1E58C0A4FE}
		{74AED8EF-D0FA-4C7F-AB81-03D3010F5FA7} = {1CF45C7B-6FD5-416F-87F0-9E1E58C0A4FE}
		{054BE98D-5581-426C-A24A-04BE5F265EEA} = {1CF45C7B-6FD5-416F-87F0-9E1E58C0A4FE}
		{571D8D73-FE0B-4CFF-ADC2-7D0DA88752F8} = {1CF45C7B-6FD5-416F-87F0-9E1E58C0A4FE}
		{FB391059-CD80-422B-BE69-F9115307CA0C} = {1CF45C7B-6FD5-416F-87F0-9E1E58C0A4FE}
		{B495B949-FD7F-4507-B07D-BB3FD9683402} = {1CF45C7B-6FD5-416F-87F0-9E1E58C0A4FE}
		{77CE3979-8422-44C8-A3D1-70C88759C6C2} = {1CF45C7B-6FD5-416F-87F0-9E1E58C0A4FE}
		{7D07AD70-197D-467B-BE0C-227DEC53F7B4} = {1CF45C7B-6FD5-416F-87F0-9E1E58C0A4FE}
		{0FD0432D-6005-4B59-BA25-A0AB37BD14C1} = {1CF45C7B-6FD5-416F-87F0-9E1E58C0A4FE}
	EndGlobalSection
EndGlobal
